// !$*UTF8*$!
{
	archiveVersion = 1;
	classes = {
	};
	objectVersion = 46;
	objects = {

/* Begin PBXBuildFile section */
		8A0C7E251BC0FB4A0067F731 /* Constants.swift in Sources */ = {isa = PBXBuildFile; fileRef = 8A0C7E241BC0FB4A0067F731 /* Constants.swift */; settings = {ASSET_TAGS = (); }; };
		8A49D34B1BB517BB002585F0 /* SettingsViewController.swift in Sources */ = {isa = PBXBuildFile; fileRef = 8A49D34A1BB517BB002585F0 /* SettingsViewController.swift */; };
		8A5915201BB37C51009CEF1A /* AppDelegate.swift in Sources */ = {isa = PBXBuildFile; fileRef = 8A59151F1BB37C51009CEF1A /* AppDelegate.swift */; };
		8A5915221BB37C51009CEF1A /* ViewController.swift in Sources */ = {isa = PBXBuildFile; fileRef = 8A5915211BB37C51009CEF1A /* ViewController.swift */; };
		8A5915251BB37C51009CEF1A /* Main.storyboard in Resources */ = {isa = PBXBuildFile; fileRef = 8A5915231BB37C51009CEF1A /* Main.storyboard */; };
		8A5915271BB37C51009CEF1A /* Images.xcassets in Resources */ = {isa = PBXBuildFile; fileRef = 8A5915261BB37C51009CEF1A /* Images.xcassets */; };
		8A59152A1BB37C51009CEF1A /* LaunchScreen.xib in Resources */ = {isa = PBXBuildFile; fileRef = 8A5915281BB37C51009CEF1A /* LaunchScreen.xib */; };
		8A5915361BB37C51009CEF1A /* tipMe_Tests.swift in Sources */ = {isa = PBXBuildFile; fileRef = 8A5915351BB37C51009CEF1A /* tipMe_Tests.swift */; };
/* End PBXBuildFile section */

/* Begin PBXContainerItemProxy section */
		8A5915301BB37C51009CEF1A /* PBXContainerItemProxy */ = {
			isa = PBXContainerItemProxy;
			containerPortal = 8A5915121BB37C51009CEF1A /* Project object */;
			proxyType = 1;
			remoteGlobalIDString = 8A5915191BB37C51009CEF1A;
			remoteInfo = "tipMe!";
		};
/* End PBXContainerItemProxy section */

/* Begin PBXFileReference section */
		8A0C7E241BC0FB4A0067F731 /* Constants.swift */ = {isa = PBXFileReference; fileEncoding = 4; lastKnownFileType = sourcecode.swift; path = Constants.swift; sourceTree = "<group>"; };
		8A49D34A1BB517BB002585F0 /* SettingsViewController.swift */ = {isa = PBXFileReference; fileEncoding = 4; lastKnownFileType = sourcecode.swift; path = SettingsViewController.swift; sourceTree = "<group>"; };
		8A59151A1BB37C51009CEF1A /* tipMe!.app */ = {isa = PBXFileReference; explicitFileType = wrapper.application; includeInIndex = 0; path = "tipMe!.app"; sourceTree = BUILT_PRODUCTS_DIR; };
		8A59151E1BB37C51009CEF1A /* Info.plist */ = {isa = PBXFileReference; lastKnownFileType = text.plist.xml; path = Info.plist; sourceTree = "<group>"; };
		8A59151F1BB37C51009CEF1A /* AppDelegate.swift */ = {isa = PBXFileReference; lastKnownFileType = sourcecode.swift; path = AppDelegate.swift; sourceTree = "<group>"; };
		8A5915211BB37C51009CEF1A /* ViewController.swift */ = {isa = PBXFileReference; lastKnownFileType = sourcecode.swift; path = ViewController.swift; sourceTree = "<group>"; };
		8A5915241BB37C51009CEF1A /* Base */ = {isa = PBXFileReference; lastKnownFileType = file.storyboard; name = Base; path = Base.lproj/Main.storyboard; sourceTree = "<group>"; };
		8A5915261BB37C51009CEF1A /* Images.xcassets */ = {isa = PBXFileReference; lastKnownFileType = folder.assetcatalog; path = Images.xcassets; sourceTree = "<group>"; };
		8A5915291BB37C51009CEF1A /* Base */ = {isa = PBXFileReference; lastKnownFileType = file.xib; name = Base; path = Base.lproj/LaunchScreen.xib; sourceTree = "<group>"; };
		8A59152F1BB37C51009CEF1A /* tipMe!Tests.xctest */ = {isa = PBXFileReference; explicitFileType = wrapper.cfbundle; includeInIndex = 0; path = "tipMe!Tests.xctest"; sourceTree = BUILT_PRODUCTS_DIR; };
		8A5915341BB37C51009CEF1A /* Info.plist */ = {isa = PBXFileReference; lastKnownFileType = text.plist.xml; path = Info.plist; sourceTree = "<group>"; };
		8A5915351BB37C51009CEF1A /* tipMe_Tests.swift */ = {isa = PBXFileReference; lastKnownFileType = sourcecode.swift; path = tipMe_Tests.swift; sourceTree = "<group>"; };
/* End PBXFileReference section */

/* Begin PBXFrameworksBuildPhase section */
		8A5915171BB37C51009CEF1A /* Frameworks */ = {
			isa = PBXFrameworksBuildPhase;
			buildActionMask = 2147483647;
			files = (
			);
			runOnlyForDeploymentPostprocessing = 0;
		};
		8A59152C1BB37C51009CEF1A /* Frameworks */ = {
			isa = PBXFrameworksBuildPhase;
			buildActionMask = 2147483647;
			files = (
			);
			runOnlyForDeploymentPostprocessing = 0;
		};
/* End PBXFrameworksBuildPhase section */

/* Begin PBXGroup section */
		8A5915111BB37C51009CEF1A = {
			isa = PBXGroup;
			children = (
				8A59151C1BB37C51009CEF1A /* tipMe! */,
				8A5915321BB37C51009CEF1A /* tipMe!Tests */,
				8A59151B1BB37C51009CEF1A /* Products */,
			);
			sourceTree = "<group>";
		};
		8A59151B1BB37C51009CEF1A /* Products */ = {
			isa = PBXGroup;
			children = (
				8A59151A1BB37C51009CEF1A /* tipMe!.app */,
				8A59152F1BB37C51009CEF1A /* tipMe!Tests.xctest */,
			);
			name = Products;
			sourceTree = "<group>";
		};
		8A59151C1BB37C51009CEF1A /* tipMe! */ = {
			isa = PBXGroup;
			children = (
				8A59151F1BB37C51009CEF1A /* AppDelegate.swift */,
				8A5915211BB37C51009CEF1A /* ViewController.swift */,
				8A49D34A1BB517BB002585F0 /* SettingsViewController.swift */,
				8A0C7E241BC0FB4A0067F731 /* Constants.swift */,
				8A5915231BB37C51009CEF1A /* Main.storyboard */,
				8A5915261BB37C51009CEF1A /* Images.xcassets */,
				8A5915281BB37C51009CEF1A /* LaunchScreen.xib */,
				8A59151D1BB37C51009CEF1A /* Supporting Files */,
			);
			path = "tipMe!";
			sourceTree = "<group>";
		};
		8A59151D1BB37C51009CEF1A /* Supporting Files */ = {
			isa = PBXGroup;
			children = (
				8A59151E1BB37C51009CEF1A /* Info.plist */,
			);
			name = "Supporting Files";
			sourceTree = "<group>";
		};
		8A5915321BB37C51009CEF1A /* tipMe!Tests */ = {
			isa = PBXGroup;
			children = (
				8A5915351BB37C51009CEF1A /* tipMe_Tests.swift */,
				8A5915331BB37C51009CEF1A /* Supporting Files */,
			);
			path = "tipMe!Tests";
			sourceTree = "<group>";
		};
		8A5915331BB37C51009CEF1A /* Supporting Files */ = {
			isa = PBXGroup;
			children = (
				8A5915341BB37C51009CEF1A /* Info.plist */,
			);
			name = "Supporting Files";
			sourceTree = "<group>";
		};
/* End PBXGroup section */

/* Begin PBXNativeTarget section */
		8A5915191BB37C51009CEF1A /* tipMe! */ = {
			isa = PBXNativeTarget;
			buildConfigurationList = 8A5915391BB37C51009CEF1A /* Build configuration list for PBXNativeTarget "tipMe!" */;
			buildPhases = (
				8A5915161BB37C51009CEF1A /* Sources */,
				8A5915171BB37C51009CEF1A /* Frameworks */,
				8A5915181BB37C51009CEF1A /* Resources */,
			);
			buildRules = (
			);
			dependencies = (
			);
			name = "tipMe!";
			productName = "tipMe!";
			productReference = 8A59151A1BB37C51009CEF1A /* tipMe!.app */;
			productType = "com.apple.product-type.application";
		};
		8A59152E1BB37C51009CEF1A /* tipMe!Tests */ = {
			isa = PBXNativeTarget;
			buildConfigurationList = 8A59153C1BB37C51009CEF1A /* Build configuration list for PBXNativeTarget "tipMe!Tests" */;
			buildPhases = (
				8A59152B1BB37C51009CEF1A /* Sources */,
				8A59152C1BB37C51009CEF1A /* Frameworks */,
				8A59152D1BB37C51009CEF1A /* Resources */,
			);
			buildRules = (
			);
			dependencies = (
				8A5915311BB37C51009CEF1A /* PBXTargetDependency */,
			);
			name = "tipMe!Tests";
			productName = "tipMe!Tests";
			productReference = 8A59152F1BB37C51009CEF1A /* tipMe!Tests.xctest */;
			productType = "com.apple.product-type.bundle.unit-test";
		};
/* End PBXNativeTarget section */

/* Begin PBXProject section */
		8A5915121BB37C51009CEF1A /* Project object */ = {
			isa = PBXProject;
			attributes = {
				LastSwiftMigration = 0700;
				LastSwiftUpdateCheck = 0700;
				LastUpgradeCheck = 0700;
				ORGANIZATIONNAME = Naji;
				TargetAttributes = {
					8A5915191BB37C51009CEF1A = {
						CreatedOnToolsVersion = 6.3.2;
					};
					8A59152E1BB37C51009CEF1A = {
						CreatedOnToolsVersion = 6.3.2;
						TestTargetID = 8A5915191BB37C51009CEF1A;
					};
				};
			};
			buildConfigurationList = 8A5915151BB37C51009CEF1A /* Build configuration list for PBXProject "tipMe!" */;
			compatibilityVersion = "Xcode 3.2";
			developmentRegion = English;
			hasScannedForEncodings = 0;
			knownRegions = (
				en,
				Base,
			);
			mainGroup = 8A5915111BB37C51009CEF1A;
			productRefGroup = 8A59151B1BB37C51009CEF1A /* Products */;
			projectDirPath = "";
			projectRoot = "";
			targets = (
				8A5915191BB37C51009CEF1A /* tipMe! */,
				8A59152E1BB37C51009CEF1A /* tipMe!Tests */,
			);
		};
/* End PBXProject section */

/* Begin PBXResourcesBuildPhase section */
		8A5915181BB37C51009CEF1A /* Resources */ = {
			isa = PBXResourcesBuildPhase;
			buildActionMask = 2147483647;
			files = (
				8A5915251BB37C51009CEF1A /* Main.storyboard in Resources */,
				8A59152A1BB37C51009CEF1A /* LaunchScreen.xib in Resources */,
				8A5915271BB37C51009CEF1A /* Images.xcassets in Resources */,
			);
			runOnlyForDeploymentPostprocessing = 0;
		};
		8A59152D1BB37C51009CEF1A /* Resources */ = {
			isa = PBXResourcesBuildPhase;
			buildActionMask = 2147483647;
			files = (
			);
			runOnlyForDeploymentPostprocessing = 0;
		};
/* End PBXResourcesBuildPhase section */

/* Begin PBXSourcesBuildPhase section */
		8A5915161BB37C51009CEF1A /* Sources */ = {
			isa = PBXSourcesBuildPhase;
			buildActionMask = 2147483647;
			files = (
				8A5915221BB37C51009CEF1A /* ViewController.swift in Sources */,
				8A5915201BB37C51009CEF1A /* AppDelegate.swift in Sources */,
				8A49D34B1BB517BB002585F0 /* SettingsViewController.swift in Sources */,
				8A0C7E251BC0FB4A0067F731 /* Constants.swift in Sources */,
			);
			runOnlyForDeploymentPostprocessing = 0;
		};
		8A59152B1BB37C51009CEF1A /* Sources */ = {
			isa = PBXSourcesBuildPhase;
			buildActionMask = 2147483647;
			files = (
				8A5915361BB37C51009CEF1A /* tipMe_Tests.swift in Sources */,
			);
			runOnlyForDeploymentPostprocessing = 0;
		};
/* End PBXSourcesBuildPhase section */

/* Begin PBXTargetDependency section */
		8A5915311BB37C51009CEF1A /* PBXTargetDependency */ = {
			isa = PBXTargetDependency;
			target = 8A5915191BB37C51009CEF1A /* tipMe! */;
			targetProxy = 8A5915301BB37C51009CEF1A /* PBXContainerItemProxy */;
		};
/* End PBXTargetDependency section */

/* Begin PBXVariantGroup section */
		8A5915231BB37C51009CEF1A /* Main.storyboard */ = {
			isa = PBXVariantGroup;
			children = (
				8A5915241BB37C51009CEF1A /* Base */,
			);
			name = Main.storyboard;
			sourceTree = "<group>";
		};
		8A5915281BB37C51009CEF1A /* LaunchScreen.xib */ = {
			isa = PBXVariantGroup;
			children = (
				8A5915291BB37C51009CEF1A /* Base */,
			);
			name = LaunchScreen.xib;
			sourceTree = "<group>";
		};
/* End PBXVariantGroup section */

/* Begin XCBuildConfiguration section */
		8A5915371BB37C51009CEF1A /* Debug */ = {
			isa = XCBuildConfiguration;
			buildSettings = {
				ALWAYS_SEARCH_USER_PATHS = NO;
				CLANG_CXX_LANGUAGE_STANDARD = "gnu++0x";
				CLANG_CXX_LIBRARY = "libc++";
				CLANG_ENABLE_MODULES = YES;
				CLANG_ENABLE_OBJC_ARC = YES;
				CLANG_WARN_BOOL_CONVERSION = YES;
				CLANG_WARN_CONSTANT_CONVERSION = YES;
				CLANG_WARN_DIRECT_OBJC_ISA_USAGE = YES_ERROR;
				CLANG_WARN_EMPTY_BODY = YES;
				CLANG_WARN_ENUM_CONVERSION = YES;
				CLANG_WARN_INT_CONVERSION = YES;
				CLANG_WARN_OBJC_ROOT_CLASS = YES_ERROR;
				CLANG_WARN_UNREACHABLE_CODE = YES;
				CLANG_WARN__DUPLICATE_METHOD_MATCH = YES;
				"CODE_SIGN_IDENTITY[sdk=iphoneos*]" = "iPhone Developer";
				COPY_PHASE_STRIP = NO;
				DEBUG_INFORMATION_FORMAT = "dwarf-with-dsym";
				ENABLE_STRICT_OBJC_MSGSEND = YES;
				ENABLE_TESTABILITY = YES;
				GCC_C_LANGUAGE_STANDARD = gnu99;
				GCC_DYNAMIC_NO_PIC = NO;
				GCC_NO_COMMON_BLOCKS = YES;
				GCC_OPTIMIZATION_LEVEL = 0;
				GCC_PREPROCESSOR_DEFINITIONS = (
					"DEBUG=1",
					"$(inherited)",
				);
				GCC_SYMBOLS_PRIVATE_EXTERN = NO;
				GCC_WARN_64_TO_32_BIT_CONVERSION = YES;
				GCC_WARN_ABOUT_RETURN_TYPE = YES_ERROR;
				GCC_WARN_UNDECLARED_SELECTOR = YES;
				GCC_WARN_UNINITIALIZED_AUTOS = YES_AGGRESSIVE;
				GCC_WARN_UNUSED_FUNCTION = YES;
				GCC_WARN_UNUSED_VARIABLE = YES;
				IPHONEOS_DEPLOYMENT_TARGET = 7.0;
				MTL_ENABLE_DEBUG_INFO = YES;
				ONLY_ACTIVE_ARCH = YES;
				SDKROOT = iphoneos;
				SWIFT_OPTIMIZATION_LEVEL = "-Onone";
				TARGETED_DEVICE_FAMILY = "1,2";
			};
			name = Debug;
		};
		8A5915381BB37C51009CEF1A /* Release */ = {
			isa = XCBuildConfiguration;
			buildSettings = {
				ALWAYS_SEARCH_USER_PATHS = NO;
				CLANG_CXX_LANGUAGE_STANDARD = "gnu++0x";
				CLANG_CXX_LIBRARY = "libc++";
				CLANG_ENABLE_MODULES = YES;
				CLANG_ENABLE_OBJC_ARC = YES;
				CLANG_WARN_BOOL_CONVERSION = YES;
				CLANG_WARN_CONSTANT_CONVERSION = YES;
				CLANG_WARN_DIRECT_OBJC_ISA_USAGE = YES_ERROR;
				CLANG_WARN_EMPTY_BODY = YES;
				CLANG_WARN_ENUM_CONVERSION = YES;
				CLANG_WARN_INT_CONVERSION = YES;
				CLANG_WARN_OBJC_ROOT_CLASS = YES_ERROR;
				CLANG_WARN_UNREACHABLE_CODE = YES;
				CLANG_WARN__DUPLICATE_METHOD_MATCH = YES;
				"CODE_SIGN_IDENTITY[sdk=iphoneos*]" = "iPhone Developer";
				COPY_PHASE_STRIP = NO;
				DEBUG_INFORMATION_FORMAT = "dwarf-with-dsym";
				ENABLE_NS_ASSERTIONS = NO;
				ENABLE_STRICT_OBJC_MSGSEND = YES;
				GCC_C_LANGUAGE_STANDARD = gnu99;
				GCC_NO_COMMON_BLOCKS = YES;
				GCC_WARN_64_TO_32_BIT_CONVERSION = YES;
				GCC_WARN_ABOUT_RETURN_TYPE = YES_ERROR;
				GCC_WARN_UNDECLARED_SELECTOR = YES;
				GCC_WARN_UNINITIALIZED_AUTOS = YES_AGGRESSIVE;
				GCC_WARN_UNUSED_FUNCTION = YES;
				GCC_WARN_UNUSED_VARIABLE = YES;
				IPHONEOS_DEPLOYMENT_TARGET = 7.0;
				MTL_ENABLE_DEBUG_INFO = NO;
				SDKROOT = iphoneos;
				TARGETED_DEVICE_FAMILY = "1,2";
				VALIDATE_PRODUCT = YES;
			};
			name = Release;
		};
		8A59153A1BB37C51009CEF1A /* Debug */ = {
			isa = XCBuildConfiguration;
			buildSettings = {
				ASSETCATALOG_COMPILER_APPICON_NAME = AppIcon;
				INFOPLIST_FILE = "tipMe!/Info.plist";
				IPHONEOS_DEPLOYMENT_TARGET = 7.0;
				LD_RUNPATH_SEARCH_PATHS = "$(inherited) @executable_path/Frameworks";
				PRODUCT_BUNDLE_IDENTIFIER = "com.naji.$(PRODUCT_NAME:rfc1034identifier)";
				PRODUCT_NAME = "$(TARGET_NAME)";
				TARGETED_DEVICE_FAMILY = 1;
			};
			name = Debug;
		};
		8A59153B1BB37C51009CEF1A /* Release */ = {
			isa = XCBuildConfiguration;
			buildSettings = {
				ASSETCATALOG_COMPILER_APPICON_NAME = AppIcon;
				INFOPLIST_FILE = "tipMe!/Info.plist";
				IPHONEOS_DEPLOYMENT_TARGET = 7.0;
				LD_RUNPATH_SEARCH_PATHS = "$(inherited) @executable_path/Frameworks";
				PRODUCT_BUNDLE_IDENTIFIER = "com.naji.$(PRODUCT_NAME:rfc1034identifier)";
				PRODUCT_NAME = "$(TARGET_NAME)";
				TARGETED_DEVICE_FAMILY = 1;
			};
			name = Release;
		};
		8A59153D1BB37C51009CEF1A /* Debug */ = {
			isa = XCBuildConfiguration;
			buildSettings = {
				BUNDLE_LOADER = "$(TEST_HOST)";
				FRAMEWORK_SEARCH_PATHS = (
					"$(SDKROOT)/Developer/Library/Frameworks",
					"$(inherited)",
				);
				GCC_PREPROCESSOR_DEFINITIONS = (
					"DEBUG=1",
					"$(inherited)",
				);
				INFOPLIST_FILE = "tipMe!Tests/Info.plist";
				LD_RUNPATH_SEARCH_PATHS = "$(inherited) @executable_path/Frameworks @loader_path/Frameworks";
				PRODUCT_BUNDLE_IDENTIFIER = "com.naji.$(PRODUCT_NAME:rfc1034identifier)";
				PRODUCT_NAME = "$(TARGET_NAME)";
				TEST_HOST = "$(BUILT_PRODUCTS_DIR)/tipMe!.app/tipMe!";
			};
			name = Debug;
		};
		8A59153E1BB37C51009CEF1A /* Release */ = {
			isa = XCBuildConfiguration;
			buildSettings = {
				BUNDLE_LOADER = "$(TEST_HOST)";
				FRAMEWORK_SEARCH_PATHS = (
					"$(SDKROOT)/Developer/Library/Frameworks",
					"$(inherited)",
				);
				INFOPLIST_FILE = "tipMe!Tests/Info.plist";
				LD_RUNPATH_SEARCH_PATHS = "$(inherited) @executable_path/Frameworks @loader_path/Frameworks";
				PRODUCT_BUNDLE_IDENTIFIER = "com.naji.$(PRODUCT_NAME:rfc1034identifier)";
				PRODUCT_NAME = "$(TARGET_NAME)";
				TEST_HOST = "$(BUILT_PRODUCTS_DIR)/tipMe!.app/tipMe!";
			};
			name = Release;
		};
/* End XCBuildConfiguration section */

/* Begin XCConfigurationList section */
		8A5915151BB37C51009CEF1A /* Build configuration list for PBXProject "tipMe!" */ = {
			isa = XCConfigurationList;
			buildConfigurations = (
				8A5915371BB37C51009CEF1A /* Debug */,
				8A5915381BB37C51009CEF1A /* Release */,
			);
			defaultConfigurationIsVisible = 0;
			defaultConfigurationName = Release;
		};
		8A5915391BB37C51009CEF1A /* Build configuration list for PBXNativeTarget "tipMe!" */ = {
			isa = XCConfigurationList;
			buildConfigurations = (
				8A59153A1BB37C51009CEF1A /* Debug */,
				8A59153B1BB37C51009CEF1A /* Release */,
			);
			defaultConfigurationIsVisible = 0;
			defaultConfigurationName = Release;
		};
		8A59153C1BB37C51009CEF1A /* Build configuration list for PBXNativeTarget "tipMe!Tests" */ = {
			isa = XCConfigurationList;
			buildConfigurations = (
				8A59153D1BB37C51009CEF1A /* Debug */,
				8A59153E1BB37C51009CEF1A /* Release */,
			);
			defaultConfigurationIsVisible = 0;
			defaultConfigurationName = Release;
		};
/* End XCConfigurationList section */
	};
	rootObject = 8A5915121BB37C51009CEF1A /* Project object */;
}
